
Microsoft Visual Studio Solution File, Format Version 12.00
# Visual Studio Version 17
VisualStudioVersion = 17.8.34330.188
MinimumVisualStudioVersion = 10.0.40219.1
Project("{FAE04EC0-301F-11D3-BF4B-00C04F79EFBC}") = "LinqAprendizado", "LinqAprendizado\LinqAprendizado.csproj", "{2B0EF954-8C0A-4F5B-BB84-1F0011288822}"
EndProject
Global
	GlobalSection(SolutionConfigurationPlatforms) = preSolution
		Debug|Any CPU = Debug|Any CPU
		Release|Any CPU = Release|Any CPU
	EndGlobalSection
	GlobalSection(ProjectConfigurationPlatforms) = postSolution
		{2B0EF954-8C0A-4F5B-BB84-1F0011288822}.Debug|Any CPU.ActiveCfg = Debug|Any CPU
		{2B0EF954-8C0A-4F5B-BB84-1F0011288822}.Debug|Any CPU.Build.0 = Debug|Any CPU
		{2B0EF954-8C0A-4F5B-BB84-1F0011288822}.Release|Any CPU.ActiveCfg = Release|Any CPU
		{2B0EF954-8C0A-4F5B-BB84-1F0011288822}.Release|Any CPU.Build.0 = Release|Any CPU
	EndGlobalSection
	GlobalSection(SolutionProperties) = preSolution
		HideSolutionNode = FALSE
	EndGlobalSection
	GlobalSection(ExtensibilityGlobals) = postSolution
		SolutionGuid = {8B4F2930-AB90-41CB-8E64-5085841AEAF8}
	EndGlobalSection
EndGlobal
